
Microsoft Visual Studio Solution File, Format Version 12.00
# Visual Studio Version 17
VisualStudioVersion = 17.6.33712.159
MinimumVisualStudioVersion = 10.0.40219.1
Project("{FAE04EC0-301F-11D3-BF4B-00C04F79EFBC}") = "Taschenrechner_01", "Taschenrechner_01.csproj", "{EE9F3AE2-B786-46C9-AA63-82464261E9A0}"
EndProject
Global
	GlobalSection(SolutionConfigurationPlatforms) = preSolution
		Debug|Any CPU = Debug|Any CPU
		Release|Any CPU = Release|Any CPU
	EndGlobalSection
	GlobalSection(ProjectConfigurationPlatforms) = postSolution
		{EE9F3AE2-B786-46C9-AA63-82464261E9A0}.Debug|Any CPU.ActiveCfg = Debug|Any CPU
		{EE9F3AE2-B786-46C9-AA63-82464261E9A0}.Debug|Any CPU.Build.0 = Debug|Any CPU
		{EE9F3AE2-B786-46C9-AA63-82464261E9A0}.Release|Any CPU.ActiveCfg = Release|Any CPU
		{EE9F3AE2-B786-46C9-AA63-82464261E9A0}.Release|Any CPU.Build.0 = Release|Any CPU
	EndGlobalSection
	GlobalSection(SolutionProperties) = preSolution
		HideSolutionNode = FALSE
	EndGlobalSection
	GlobalSection(ExtensibilityGlobals) = postSolution
		SolutionGuid = {009F4263-7BB5-4A95-A5C4-D15C1864CF69}
	EndGlobalSection
EndGlobal
